
Microsoft Visual Studio Solution File, Format Version 12.00
# Visual Studio Version 17
VisualStudioVersion = 17.7.34031.279
MinimumVisualStudioVersion = 10.0.40219.1
Project("{F184B08F-C81C-45F6-A57F-5ABD9991F28F}") = "16.4 Formatting Date and Time with User-Defined Format", "16.4 Formatting Date and Time with User-Defined Format.vbproj", "{88784FEF-413D-47DB-85EC-38155F757E28}"
EndProject
Global
	GlobalSection(SolutionConfigurationPlatforms) = preSolution
		Debug|Any CPU = Debug|Any CPU
		Release|Any CPU = Release|Any CPU
	EndGlobalSection
	GlobalSection(ProjectConfigurationPlatforms) = postSolution
		{88784FEF-413D-47DB-85EC-38155F757E28}.Debug|Any CPU.ActiveCfg = Debug|Any CPU
		{88784FEF-413D-47DB-85EC-38155F757E28}.Debug|Any CPU.Build.0 = Debug|Any CPU
		{88784FEF-413D-47DB-85EC-38155F757E28}.Release|Any CPU.ActiveCfg = Release|Any CPU
		{88784FEF-413D-47DB-85EC-38155F757E28}.Release|Any CPU.Build.0 = Release|Any CPU
	EndGlobalSection
	GlobalSection(SolutionProperties) = preSolution
		HideSolutionNode = FALSE
	EndGlobalSection
	GlobalSection(ExtensibilityGlobals) = postSolution
		SolutionGuid = {C3FF6DD7-409C-47E2-A6E3-A97593A4BE2E}
	EndGlobalSection
EndGlobal
